
Microsoft Visual Studio Solution File, Format Version 12.00
# Visual Studio Version 16
VisualStudioVersion = 16.0.29409.12
MinimumVisualStudioVersion = 10.0.40219.1
Project("{FAE04EC0-301F-11D3-BF4B-00C04F79EFBC}") = "WebScrape.Manager", "WebScrape.Manager\WebScrape.Manager.csproj", "{73A278B3-92BC-4776-9163-E0644EBC0D22}"
EndProject
Project("{FAE04EC0-301F-11D3-BF4B-00C04F79EFBC}") = "WebScrape.Dal", "WebScrape.Dal\WebScrape.Dal.csproj", "{B22FB810-DD68-4E82-980F-94BB6C4E1045}"
EndProject
Project("{FAE04EC0-301F-11D3-BF4B-00C04F79EFBC}") = "WebScrape.Entity", "WebScrape.Entity\WebScrape.Entity.csproj", "{A0801A82-F64E-4AAE-89B9-6791ADC32DB5}"
EndProject
Project("{FAE04EC0-301F-11D3-BF4B-00C04F79EFBC}") = "WebScrape.Dto", "WebScrape.Dto\WebScrape.Dto.csproj", "{7D0C5286-A7AE-47CF-9EF8-28B7F2EEDF76}"
EndProject
Project("{FAE04EC0-301F-11D3-BF4B-00C04F79EFBC}") = "WebScrape.UI", "WebScrape.UI\WebScrape.UI.csproj", "{D813CF4B-5B04-4CA9-9CE4-5536C4917BD5}"
EndProject
Global
	GlobalSection(SolutionConfigurationPlatforms) = preSolution
		Debug|Any CPU = Debug|Any CPU
		Release|Any CPU = Release|Any CPU
	EndGlobalSection
	GlobalSection(ProjectConfigurationPlatforms) = postSolution
		{73A278B3-92BC-4776-9163-E0644EBC0D22}.Debug|Any CPU.ActiveCfg = Debug|Any CPU
		{73A278B3-92BC-4776-9163-E0644EBC0D22}.Debug|Any CPU.Build.0 = Debug|Any CPU
		{73A278B3-92BC-4776-9163-E0644EBC0D22}.Release|Any CPU.ActiveCfg = Release|Any CPU
		{73A278B3-92BC-4776-9163-E0644EBC0D22}.Release|Any CPU.Build.0 = Release|Any CPU
		{B22FB810-DD68-4E82-980F-94BB6C4E1045}.Debug|Any CPU.ActiveCfg = Debug|Any CPU
		{B22FB810-DD68-4E82-980F-94BB6C4E1045}.Debug|Any CPU.Build.0 = Debug|Any CPU
		{B22FB810-DD68-4E82-980F-94BB6C4E1045}.Release|Any CPU.ActiveCfg = Release|Any CPU
		{B22FB810-DD68-4E82-980F-94BB6C4E1045}.Release|Any CPU.Build.0 = Release|Any CPU
		{A0801A82-F64E-4AAE-89B9-6791ADC32DB5}.Debug|Any CPU.ActiveCfg = Debug|Any CPU
		{A0801A82-F64E-4AAE-89B9-6791ADC32DB5}.Debug|Any CPU.Build.0 = Debug|Any CPU
		{A0801A82-F64E-4AAE-89B9-6791ADC32DB5}.Release|Any CPU.ActiveCfg = Release|Any CPU
		{A0801A82-F64E-4AAE-89B9-6791ADC32DB5}.Release|Any CPU.Build.0 = Release|Any CPU
		{7D0C5286-A7AE-47CF-9EF8-28B7F2EEDF76}.Debug|Any CPU.ActiveCfg = Debug|Any CPU
		{7D0C5286-A7AE-47CF-9EF8-28B7F2EEDF76}.Debug|Any CPU.Build.0 = Debug|Any CPU
		{7D0C5286-A7AE-47CF-9EF8-28B7F2EEDF76}.Release|Any CPU.ActiveCfg = Release|Any CPU
		{7D0C5286-A7AE-47CF-9EF8-28B7F2EEDF76}.Release|Any CPU.Build.0 = Release|Any CPU
		{D813CF4B-5B04-4CA9-9CE4-5536C4917BD5}.Debug|Any CPU.ActiveCfg = Debug|Any CPU
		{D813CF4B-5B04-4CA9-9CE4-5536C4917BD5}.Debug|Any CPU.Build.0 = Debug|Any CPU
		{D813CF4B-5B04-4CA9-9CE4-5536C4917BD5}.Release|Any CPU.ActiveCfg = Release|Any CPU
		{D813CF4B-5B04-4CA9-9CE4-5536C4917BD5}.Release|Any CPU.Build.0 = Release|Any CPU
	EndGlobalSection
	GlobalSection(SolutionProperties) = preSolution
		HideSolutionNode = FALSE
	EndGlobalSection
	GlobalSection(ExtensibilityGlobals) = postSolution
		SolutionGuid = {42DF8228-9DEB-48CE-AF08-76956D4E3F21}
	EndGlobalSection
EndGlobal
